
Microsoft Visual Studio Solution File, Format Version 12.00
# Visual Studio 14
VisualStudioVersion = 14.0.23107.0
MinimumVisualStudioVersion = 10.0.40219.1
Project("{FAE04EC0-301F-11D3-BF4B-00C04F79EFBC}") = "ImportObjClient", "ImportObjClient\ImportObjClient.csproj", "{650BB554-7843-41CB-AF0F-4D1FA113FF3B}"
EndProject
Global
	GlobalSection(SolutionConfigurationPlatforms) = preSolution
		Debug|Any CPU = Debug|Any CPU
		Release|Any CPU = Release|Any CPU
	EndGlobalSection
	GlobalSection(ProjectConfigurationPlatforms) = postSolution
		{650BB554-7843-41CB-AF0F-4D1FA113FF3B}.Debug|Any CPU.ActiveCfg = Debug|Any CPU
		{650BB554-7843-41CB-AF0F-4D1FA113FF3B}.Debug|Any CPU.Build.0 = Debug|Any CPU
		{650BB554-7843-41CB-AF0F-4D1FA113FF3B}.Release|Any CPU.ActiveCfg = Release|Any CPU
		{650BB554-7843-41CB-AF0F-4D1FA113FF3B}.Release|Any CPU.Build.0 = Release|Any CPU
	EndGlobalSection
	GlobalSection(SolutionProperties) = preSolution
		HideSolutionNode = FALSE
	EndGlobalSection
EndGlobal
